
Microsoft Visual Studio Solution File, Format Version 12.00
# Visual Studio Version 17
VisualStudioVersion = 17.5.33530.505
MinimumVisualStudioVersion = 10.0.40219.1
Project("{9A19103F-16F7-4668-BE54-9A1E7A4F7556}") = "task_1", "task_1.csproj", "{8C034C31-DB68-4996-BD35-0F306921A276}"
EndProject
Project("{9A19103F-16F7-4668-BE54-9A1E7A4F7556}") = "task_2", "..\task_2\task_2.csproj", "{7E2C0FAF-5CCE-494C-BE4E-CBB59E5D4FB0}"
EndProject
Project("{9A19103F-16F7-4668-BE54-9A1E7A4F7556}") = "task_3", "..\task_3\task_3.csproj", "{5F10F9D6-55B3-4B4A-88C3-F6FB6BDCA73F}"
EndProject
Project("{9A19103F-16F7-4668-BE54-9A1E7A4F7556}") = "task_5", "..\task_5\task_5.csproj", "{4C08649D-516B-40A7-B499-500A6F1C69BF}"
EndProject
Project("{FAE04EC0-301F-11D3-BF4B-00C04F79EFBC}") = "task_4", "..\task_4\task_4.csproj", "{3E2200D7-6D00-43E8-AC46-00CD4AB4AD77}"
EndProject
Global
	GlobalSection(SolutionConfigurationPlatforms) = preSolution
		Debug|Any CPU = Debug|Any CPU
		Release|Any CPU = Release|Any CPU
	EndGlobalSection
	GlobalSection(ProjectConfigurationPlatforms) = postSolution
		{8C034C31-DB68-4996-BD35-0F306921A276}.Debug|Any CPU.ActiveCfg = Debug|Any CPU
		{8C034C31-DB68-4996-BD35-0F306921A276}.Debug|Any CPU.Build.0 = Debug|Any CPU
		{8C034C31-DB68-4996-BD35-0F306921A276}.Release|Any CPU.ActiveCfg = Release|Any CPU
		{8C034C31-DB68-4996-BD35-0F306921A276}.Release|Any CPU.Build.0 = Release|Any CPU
		{7E2C0FAF-5CCE-494C-BE4E-CBB59E5D4FB0}.Debug|Any CPU.ActiveCfg = Debug|Any CPU
		{7E2C0FAF-5CCE-494C-BE4E-CBB59E5D4FB0}.Debug|Any CPU.Build.0 = Debug|Any CPU
		{7E2C0FAF-5CCE-494C-BE4E-CBB59E5D4FB0}.Release|Any CPU.ActiveCfg = Release|Any CPU
		{7E2C0FAF-5CCE-494C-BE4E-CBB59E5D4FB0}.Release|Any CPU.Build.0 = Release|Any CPU
		{5F10F9D6-55B3-4B4A-88C3-F6FB6BDCA73F}.Debug|Any CPU.ActiveCfg = Debug|Any CPU
		{5F10F9D6-55B3-4B4A-88C3-F6FB6BDCA73F}.Debug|Any CPU.Build.0 = Debug|Any CPU
		{5F10F9D6-55B3-4B4A-88C3-F6FB6BDCA73F}.Release|Any CPU.ActiveCfg = Release|Any CPU
		{5F10F9D6-55B3-4B4A-88C3-F6FB6BDCA73F}.Release|Any CPU.Build.0 = Release|Any CPU
		{4C08649D-516B-40A7-B499-500A6F1C69BF}.Debug|Any CPU.ActiveCfg = Debug|Any CPU
		{4C08649D-516B-40A7-B499-500A6F1C69BF}.Debug|Any CPU.Build.0 = Debug|Any CPU
		{4C08649D-516B-40A7-B499-500A6F1C69BF}.Release|Any CPU.ActiveCfg = Release|Any CPU
		{4C08649D-516B-40A7-B499-500A6F1C69BF}.Release|Any CPU.Build.0 = Release|Any CPU
		{3E2200D7-6D00-43E8-AC46-00CD4AB4AD77}.Debug|Any CPU.ActiveCfg = Debug|Any CPU
		{3E2200D7-6D00-43E8-AC46-00CD4AB4AD77}.Debug|Any CPU.Build.0 = Debug|Any CPU
		{3E2200D7-6D00-43E8-AC46-00CD4AB4AD77}.Release|Any CPU.ActiveCfg = Release|Any CPU
		{3E2200D7-6D00-43E8-AC46-00CD4AB4AD77}.Release|Any CPU.Build.0 = Release|Any CPU
	EndGlobalSection
	GlobalSection(SolutionProperties) = preSolution
		HideSolutionNode = FALSE
	EndGlobalSection
	GlobalSection(ExtensibilityGlobals) = postSolution
		SolutionGuid = {3700C519-E02E-4A2B-A6B8-260A53D08125}
	EndGlobalSection
EndGlobal
